
Microsoft Visual Studio Solution File, Format Version 12.00
# Visual Studio Version 17
VisualStudioVersion = 17.6.33723.286
MinimumVisualStudioVersion = 10.0.40219.1
Project("{FAE04EC0-301F-11D3-BF4B-00C04F79EFBC}") = "Domain", "Domain\Domain.csproj", "{5D87483D-5102-495E-9496-A8D9A48DB71F}"
EndProject
Project("{FAE04EC0-301F-11D3-BF4B-00C04F79EFBC}") = "Application", "Application\Application.csproj", "{63BF48CE-C87D-4AB2-BC09-10B337D2A751}"
EndProject
Global
	GlobalSection(SolutionConfigurationPlatforms) = preSolution
		Debug|Any CPU = Debug|Any CPU
		Release|Any CPU = Release|Any CPU
	EndGlobalSection
	GlobalSection(ProjectConfigurationPlatforms) = postSolution
		{5D87483D-5102-495E-9496-A8D9A48DB71F}.Debug|Any CPU.ActiveCfg = Debug|Any CPU
		{5D87483D-5102-495E-9496-A8D9A48DB71F}.Debug|Any CPU.Build.0 = Debug|Any CPU
		{5D87483D-5102-495E-9496-A8D9A48DB71F}.Release|Any CPU.ActiveCfg = Release|Any CPU
		{5D87483D-5102-495E-9496-A8D9A48DB71F}.Release|Any CPU.Build.0 = Release|Any CPU
		{63BF48CE-C87D-4AB2-BC09-10B337D2A751}.Debug|Any CPU.ActiveCfg = Debug|Any CPU
		{63BF48CE-C87D-4AB2-BC09-10B337D2A751}.Debug|Any CPU.Build.0 = Debug|Any CPU
		{63BF48CE-C87D-4AB2-BC09-10B337D2A751}.Release|Any CPU.ActiveCfg = Release|Any CPU
		{63BF48CE-C87D-4AB2-BC09-10B337D2A751}.Release|Any CPU.Build.0 = Release|Any CPU
	EndGlobalSection
	GlobalSection(SolutionProperties) = preSolution
		HideSolutionNode = FALSE
	EndGlobalSection
	GlobalSection(ExtensibilityGlobals) = postSolution
		SolutionGuid = {CF74D088-C73A-4FB1-80AA-A44F71648BF0}
	EndGlobalSection
EndGlobal
